
Microsoft Visual Studio Solution File, Format Version 12.00
# Visual Studio Version 16
VisualStudioVersion = 16.0.29411.108
MinimumVisualStudioVersion = 10.0.40219.1
Project("{FAE04EC0-301F-11D3-BF4B-00C04F79EFBC}") = "Ese02 Controllo compatibilità", "Ese02 Controllo compatibilità\Ese02 Controllo compatibilità.csproj", "{8DB75669-5A4C-4595-B7E5-C6E7766218CC}"
EndProject
Global
	GlobalSection(SolutionConfigurationPlatforms) = preSolution
		Debug|Any CPU = Debug|Any CPU
		Release|Any CPU = Release|Any CPU
	EndGlobalSection
	GlobalSection(ProjectConfigurationPlatforms) = postSolution
		{8DB75669-5A4C-4595-B7E5-C6E7766218CC}.Debug|Any CPU.ActiveCfg = Debug|Any CPU
		{8DB75669-5A4C-4595-B7E5-C6E7766218CC}.Debug|Any CPU.Build.0 = Debug|Any CPU
		{8DB75669-5A4C-4595-B7E5-C6E7766218CC}.Release|Any CPU.ActiveCfg = Release|Any CPU
		{8DB75669-5A4C-4595-B7E5-C6E7766218CC}.Release|Any CPU.Build.0 = Release|Any CPU
	EndGlobalSection
	GlobalSection(SolutionProperties) = preSolution
		HideSolutionNode = FALSE
	EndGlobalSection
	GlobalSection(ExtensibilityGlobals) = postSolution
		SolutionGuid = {DE8CB03E-5D33-47DD-BE06-B19230A2A81C}
	EndGlobalSection
EndGlobal
