
Microsoft Visual Studio Solution File, Format Version 12.00
# Visual Studio Version 17
VisualStudioVersion = 17.1.32328.378
MinimumVisualStudioVersion = 10.0.40219.1
Project("{FAE04EC0-301F-11D3-BF4B-00C04F79EFBC}") = "Uso del controllo", "Uso del controllo\Uso del controllo.csproj", "{055545D2-1CB2-4CC1-8D41-0E2E7EF6BE94}"
EndProject
Global
	GlobalSection(SolutionConfigurationPlatforms) = preSolution
		Debug|Any CPU = Debug|Any CPU
		Release|Any CPU = Release|Any CPU
	EndGlobalSection
	GlobalSection(ProjectConfigurationPlatforms) = postSolution
		{055545D2-1CB2-4CC1-8D41-0E2E7EF6BE94}.Debug|Any CPU.ActiveCfg = Debug|Any CPU
		{055545D2-1CB2-4CC1-8D41-0E2E7EF6BE94}.Debug|Any CPU.Build.0 = Debug|Any CPU
		{055545D2-1CB2-4CC1-8D41-0E2E7EF6BE94}.Release|Any CPU.ActiveCfg = Release|Any CPU
		{055545D2-1CB2-4CC1-8D41-0E2E7EF6BE94}.Release|Any CPU.Build.0 = Release|Any CPU
	EndGlobalSection
	GlobalSection(SolutionProperties) = preSolution
		HideSolutionNode = FALSE
	EndGlobalSection
	GlobalSection(ExtensibilityGlobals) = postSolution
		SolutionGuid = {C2B74754-732E-450B-990B-981280E7FBC2}
	EndGlobalSection
EndGlobal
