
Microsoft Visual Studio Solution File, Format Version 12.00
# Visual Studio Version 17
VisualStudioVersion = 17.1.32328.378
MinimumVisualStudioVersion = 10.0.40219.1
Project("{FAE04EC0-301F-11D3-BF4B-00C04F79EFBC}") = "Esercizi Delegate", "Esercizi Delegate\Esercizi Delegate.csproj", "{983BA3DC-5812-494A-B94C-B3C35D2DCAD0}"
EndProject
Global
	GlobalSection(SolutionConfigurationPlatforms) = preSolution
		Debug|Any CPU = Debug|Any CPU
		Release|Any CPU = Release|Any CPU
	EndGlobalSection
	GlobalSection(ProjectConfigurationPlatforms) = postSolution
		{983BA3DC-5812-494A-B94C-B3C35D2DCAD0}.Debug|Any CPU.ActiveCfg = Debug|Any CPU
		{983BA3DC-5812-494A-B94C-B3C35D2DCAD0}.Debug|Any CPU.Build.0 = Debug|Any CPU
		{983BA3DC-5812-494A-B94C-B3C35D2DCAD0}.Release|Any CPU.ActiveCfg = Release|Any CPU
		{983BA3DC-5812-494A-B94C-B3C35D2DCAD0}.Release|Any CPU.Build.0 = Release|Any CPU
	EndGlobalSection
	GlobalSection(SolutionProperties) = preSolution
		HideSolutionNode = FALSE
	EndGlobalSection
	GlobalSection(ExtensibilityGlobals) = postSolution
		SolutionGuid = {94E1851D-94AB-42E6-8ED4-C2E26EE5AC6C}
	EndGlobalSection
EndGlobal
