
Microsoft Visual Studio Solution File, Format Version 12.00
# Visual Studio Version 16
VisualStudioVersion = 16.0.29411.108
MinimumVisualStudioVersion = 10.0.40219.1
Project("{FAE04EC0-301F-11D3-BF4B-00C04F79EFBC}") = "Ese06 Operatore IS e AS", "Ese06 Operatore IS e AS\Ese06 Operatore IS e AS.csproj", "{69B647A5-DBB8-40DA-B162-1EC8B2E61F6A}"
EndProject
Global
	GlobalSection(SolutionConfigurationPlatforms) = preSolution
		Debug|Any CPU = Debug|Any CPU
		Release|Any CPU = Release|Any CPU
	EndGlobalSection
	GlobalSection(ProjectConfigurationPlatforms) = postSolution
		{69B647A5-DBB8-40DA-B162-1EC8B2E61F6A}.Debug|Any CPU.ActiveCfg = Debug|Any CPU
		{69B647A5-DBB8-40DA-B162-1EC8B2E61F6A}.Debug|Any CPU.Build.0 = Debug|Any CPU
		{69B647A5-DBB8-40DA-B162-1EC8B2E61F6A}.Release|Any CPU.ActiveCfg = Release|Any CPU
		{69B647A5-DBB8-40DA-B162-1EC8B2E61F6A}.Release|Any CPU.Build.0 = Release|Any CPU
	EndGlobalSection
	GlobalSection(SolutionProperties) = preSolution
		HideSolutionNode = FALSE
	EndGlobalSection
	GlobalSection(ExtensibilityGlobals) = postSolution
		SolutionGuid = {06635378-03A0-4F23-A6FD-76C5F884730D}
	EndGlobalSection
EndGlobal
