
Microsoft Visual Studio Solution File, Format Version 12.00
# Visual Studio Version 16
VisualStudioVersion = 16.0.29411.108
MinimumVisualStudioVersion = 10.0.40219.1
Project("{FAE04EC0-301F-11D3-BF4B-00C04F79EFBC}") = "Ese01 RegExp", "Ese01 RegExp\Ese01 RegExp.csproj", "{DEFF4719-B76D-4A7D-B0A5-E47F45745B3A}"
EndProject
Global
	GlobalSection(SolutionConfigurationPlatforms) = preSolution
		Debug|Any CPU = Debug|Any CPU
		Release|Any CPU = Release|Any CPU
	EndGlobalSection
	GlobalSection(ProjectConfigurationPlatforms) = postSolution
		{DEFF4719-B76D-4A7D-B0A5-E47F45745B3A}.Debug|Any CPU.ActiveCfg = Debug|Any CPU
		{DEFF4719-B76D-4A7D-B0A5-E47F45745B3A}.Debug|Any CPU.Build.0 = Debug|Any CPU
		{DEFF4719-B76D-4A7D-B0A5-E47F45745B3A}.Release|Any CPU.ActiveCfg = Release|Any CPU
		{DEFF4719-B76D-4A7D-B0A5-E47F45745B3A}.Release|Any CPU.Build.0 = Release|Any CPU
	EndGlobalSection
	GlobalSection(SolutionProperties) = preSolution
		HideSolutionNode = FALSE
	EndGlobalSection
	GlobalSection(ExtensibilityGlobals) = postSolution
		SolutionGuid = {3E688F1A-ABBF-4BDE-A47E-B2F4FD0653C7}
	EndGlobalSection
EndGlobal
